// !$*UTF8*$!
{
	archiveVersion = 1;
	classes = {
	};
	objectVersion = 50;
	objects = {

/* Begin PBXBuildFile section */
		4712334A217A852100A17503 /* AppDelegate.swift in Sources */ = {isa = PBXBuildFile; fileRef = 47123349217A852100A17503 /* AppDelegate.swift */; };
		4712334F217A852100A17503 /* Main.storyboard in Resources */ = {isa = PBXBuildFile; fileRef = 4712334D217A852100A17503 /* Main.storyboard */; };
		47123351217A852200A17503 /* Assets.xcassets in Resources */ = {isa = PBXBuildFile; fileRef = 47123350217A852200A17503 /* Assets.xcassets */; };
		47123354217A852200A17503 /* LaunchScreen.storyboard in Resources */ = {isa = PBXBuildFile; fileRef = 47123352217A852200A17503 /* LaunchScreen.storyboard */; };
		47123361217A88D700A17503 /* CountryModel.swift in Sources */ = {isa = PBXBuildFile; fileRef = 47123360217A88D700A17503 /* CountryModel.swift */; };
		47123363217A8A4F00A17503 /* CountryController.swift in Sources */ = {isa = PBXBuildFile; fileRef = 47123362217A8A4F00A17503 /* CountryController.swift */; };
		47123365217A8C4400A17503 /* NetworkingError.swift in Sources */ = {isa = PBXBuildFile; fileRef = 47123364217A8C4400A17503 /* NetworkingError.swift */; };
		47123369217A920300A17503 /* CountryListTableViewController.swift in Sources */ = {isa = PBXBuildFile; fileRef = 47123368217A920300A17503 /* CountryListTableViewController.swift */; };
		47A4DDE6217A955D000378C8 /* NetworkingController.swift in Sources */ = {isa = PBXBuildFile; fileRef = 47A4DDE5217A955D000378C8 /* NetworkingController.swift */; };
/* End PBXBuildFile section */

/* Begin PBXFileReference section */
		47123346217A852100A17503 /* CountryList_iOS22.app */ = {isa = PBXFileReference; explicitFileType = wrapper.application; includeInIndex = 0; path = CountryList_iOS22.app; sourceTree = BUILT_PRODUCTS_DIR; };
		47123349217A852100A17503 /* AppDelegate.swift */ = {isa = PBXFileReference; lastKnownFileType = sourcecode.swift; path = AppDelegate.swift; sourceTree = "<group>"; };
		4712334E217A852100A17503 /* Base */ = {isa = PBXFileReference; lastKnownFileType = file.storyboard; name = Base; path = Base.lproj/Main.storyboard; sourceTree = "<group>"; };
		47123350217A852200A17503 /* Assets.xcassets */ = {isa = PBXFileReference; lastKnownFileType = folder.assetcatalog; path = Assets.xcassets; sourceTree = "<group>"; };
		47123353217A852200A17503 /* Base */ = {isa = PBXFileReference; lastKnownFileType = file.storyboard; name = Base; path = Base.lproj/LaunchScreen.storyboard; sourceTree = "<group>"; };
		47123355217A852200A17503 /* Info.plist */ = {isa = PBXFileReference; lastKnownFileType = text.plist.xml; path = Info.plist; sourceTree = "<group>"; };
		47123360217A88D700A17503 /* CountryModel.swift */ = {isa = PBXFileReference; lastKnownFileType = sourcecode.swift; path = CountryModel.swift; sourceTree = "<group>"; };
		47123362217A8A4F00A17503 /* CountryController.swift */ = {isa = PBXFileReference; lastKnownFileType = sourcecode.swift; path = CountryController.swift; sourceTree = "<group>"; };
		47123364217A8C4400A17503 /* NetworkingError.swift */ = {isa = PBXFileReference; lastKnownFileType = sourcecode.swift; path = NetworkingError.swift; sourceTree = "<group>"; };
		47123368217A920300A17503 /* CountryListTableViewController.swift */ = {isa = PBXFileReference; lastKnownFileType = sourcecode.swift; path = CountryListTableViewController.swift; sourceTree = "<group>"; };
		47A4DDE5217A955D000378C8 /* NetworkingController.swift */ = {isa = PBXFileReference; lastKnownFileType = sourcecode.swift; path = NetworkingController.swift; sourceTree = "<group>"; };
/* End PBXFileReference section */

/* Begin PBXFrameworksBuildPhase section */
		47123343217A852100A17503 /* Frameworks */ = {
			isa = PBXFrameworksBuildPhase;
			buildActionMask = 2147483647;
			files = (
			);
			runOnlyForDeploymentPostprocessing = 0;
		};
/* End PBXFrameworksBuildPhase section */

/* Begin PBXGroup section */
		4712333D217A852100A17503 = {
			isa = PBXGroup;
			children = (
				47123348217A852100A17503 /* CountryList_iOS22 */,
				47123347217A852100A17503 /* Products */,
			);
			sourceTree = "<group>";
		};
		47123347217A852100A17503 /* Products */ = {
			isa = PBXGroup;
			children = (
				47123346217A852100A17503 /* CountryList_iOS22.app */,
			);
			name = Products;
			sourceTree = "<group>";
		};
		47123348217A852100A17503 /* CountryList_iOS22 */ = {
			isa = PBXGroup;
			children = (
				47A4DDE4217A954C000378C8 /* Networking */,
				4712335F217A85C300A17503 /* Resources */,
				4712335E217A85C000A17503 /* UI */,
				4712335D217A85BD00A17503 /* ViewController */,
				4712335C217A85BC00A17503 /* ModelController */,
				4712335B217A85BA00A17503 /* Model */,
			);
			path = CountryList_iOS22;
			sourceTree = "<group>";
		};
		4712335B217A85BA00A17503 /* Model */ = {
			isa = PBXGroup;
			children = (
				47123360217A88D700A17503 /* CountryModel.swift */,
			);
			path = Model;
			sourceTree = "<group>";
		};
		4712335C217A85BC00A17503 /* ModelController */ = {
			isa = PBXGroup;
			children = (
				47123362217A8A4F00A17503 /* CountryController.swift */,
				47123364217A8C4400A17503 /* NetworkingError.swift */,
			);
			path = ModelController;
			sourceTree = "<group>";
		};
		4712335D217A85BD00A17503 /* ViewController */ = {
			isa = PBXGroup;
			children = (
				47123368217A920300A17503 /* CountryListTableViewController.swift */,
			);
			path = ViewController;
			sourceTree = "<group>";
		};
		4712335E217A85C000A17503 /* UI */ = {
			isa = PBXGroup;
			children = (
				47123352217A852200A17503 /* LaunchScreen.storyboard */,
				4712334D217A852100A17503 /* Main.storyboard */,
			);
			path = UI;
			sourceTree = "<group>";
		};
		4712335F217A85C300A17503 /* Resources */ = {
			isa = PBXGroup;
			children = (
				4712336A217A952700A17503 /* New Group */,
				47123349217A852100A17503 /* AppDelegate.swift */,
				47123350217A852200A17503 /* Assets.xcassets */,
				47123355217A852200A17503 /* Info.plist */,
			);
			path = Resources;
			sourceTree = "<group>";
		};
		4712336A217A952700A17503 /* New Group */ = {
			isa = PBXGroup;
			children = (
			);
			path = "New Group";
			sourceTree = "<group>";
		};
		47A4DDE4217A954C000378C8 /* Networking */ = {
			isa = PBXGroup;
			children = (
				47A4DDE5217A955D000378C8 /* NetworkingController.swift */,
			);
			path = Networking;
			sourceTree = "<group>";
		};
/* End PBXGroup section */

/* Begin PBXNativeTarget section */
		47123345217A852100A17503 /* CountryList_iOS22 */ = {
			isa = PBXNativeTarget;
			buildConfigurationList = 47123358217A852200A17503 /* Build configuration list for PBXNativeTarget "CountryList_iOS22" */;
			buildPhases = (
				47123342217A852100A17503 /* Sources */,
				47123343217A852100A17503 /* Frameworks */,
				47123344217A852100A17503 /* Resources */,
			);
			buildRules = (
			);
			dependencies = (
			);
			name = CountryList_iOS22;
			productName = CountryList_iOS22;
			productReference = 47123346217A852100A17503 /* CountryList_iOS22.app */;
			productType = "com.apple.product-type.application";
		};
/* End PBXNativeTarget section */

/* Begin PBXProject section */
		4712333E217A852100A17503 /* Project object */ = {
			isa = PBXProject;
			attributes = {
				LastSwiftUpdateCheck = 1000;
				LastUpgradeCheck = 1000;
				ORGANIZATIONNAME = ramcomw;
				TargetAttributes = {
					47123345217A852100A17503 = {
						CreatedOnToolsVersion = 10.0;
					};
				};
			};
			buildConfigurationList = 47123341217A852100A17503 /* Build configuration list for PBXProject "CountryList_iOS22" */;
			compatibilityVersion = "Xcode 9.3";
			developmentRegion = en;
			hasScannedForEncodings = 0;
			knownRegions = (
				en,
				Base,
			);
			mainGroup = 4712333D217A852100A17503;
			productRefGroup = 47123347217A852100A17503 /* Products */;
			projectDirPath = "";
			projectRoot = "";
			targets = (
				47123345217A852100A17503 /* CountryList_iOS22 */,
			);
		};
/* End PBXProject section */

/* Begin PBXResourcesBuildPhase section */
		47123344217A852100A17503 /* Resources */ = {
			isa = PBXResourcesBuildPhase;
			buildActionMask = 2147483647;
			files = (
				47123354217A852200A17503 /* LaunchScreen.storyboard in Resources */,
				47123351217A852200A17503 /* Assets.xcassets in Resources */,
				4712334F217A852100A17503 /* Main.storyboard in Resources */,
			);
			runOnlyForDeploymentPostprocessing = 0;
		};
/* End PBXResourcesBuildPhase section */

/* Begin PBXSourcesBuildPhase section */
		47123342217A852100A17503 /* Sources */ = {
			isa = PBXSourcesBuildPhase;
			buildActionMask = 2147483647;
			files = (
				47123363217A8A4F00A17503 /* CountryController.swift in Sources */,
				47123361217A88D700A17503 /* CountryModel.swift in Sources */,
				47123365217A8C4400A17503 /* NetworkingError.swift in Sources */,
				47A4DDE6217A955D000378C8 /* NetworkingController.swift in Sources */,
				4712334A217A852100A17503 /* AppDelegate.swift in Sources */,
				47123369217A920300A17503 /* CountryListTableViewController.swift in Sources */,
			);
			runOnlyForDeploymentPostprocessing = 0;
		};
/* End PBXSourcesBuildPhase section */

/* Begin PBXVariantGroup section */
		4712334D217A852100A17503 /* Main.storyboard */ = {
			isa = PBXVariantGroup;
			children = (
				4712334E217A852100A17503 /* Base */,
			);
			name = Main.storyboard;
			sourceTree = "<group>";
		};
		47123352217A852200A17503 /* LaunchScreen.storyboard */ = {
			isa = PBXVariantGroup;
			children = (
				47123353217A852200A17503 /* Base */,
			);
			name = LaunchScreen.storyboard;
			sourceTree = "<group>";
		};
/* End PBXVariantGroup section */

/* Begin XCBuildConfiguration section */
		47123356217A852200A17503 /* Debug */ = {
			isa = XCBuildConfiguration;
			buildSettings = {
				ALWAYS_SEARCH_USER_PATHS = NO;
				CLANG_ANALYZER_NONNULL = YES;
				CLANG_ANALYZER_NUMBER_OBJECT_CONVERSION = YES_AGGRESSIVE;
				CLANG_CXX_LANGUAGE_STANDARD = "gnu++14";
				CLANG_CXX_LIBRARY = "libc++";
				CLANG_ENABLE_MODULES = YES;
				CLANG_ENABLE_OBJC_ARC = YES;
				CLANG_ENABLE_OBJC_WEAK = YES;
				CLANG_WARN_BLOCK_CAPTURE_AUTORELEASING = YES;
				CLANG_WARN_BOOL_CONVERSION = YES;
				CLANG_WARN_COMMA = YES;
				CLANG_WARN_CONSTANT_CONVERSION = YES;
				CLANG_WARN_DEPRECATED_OBJC_IMPLEMENTATIONS = YES;
				CLANG_WARN_DIRECT_OBJC_ISA_USAGE = YES_ERROR;
				CLANG_WARN_DOCUMENTATION_COMMENTS = YES;
				CLANG_WARN_EMPTY_BODY = YES;
				CLANG_WARN_ENUM_CONVERSION = YES;
				CLANG_WARN_INFINITE_RECURSION = YES;
				CLANG_WARN_INT_CONVERSION = YES;
				CLANG_WARN_NON_LITERAL_NULL_CONVERSION = YES;
				CLANG_WARN_OBJC_IMPLICIT_RETAIN_SELF = YES;
				CLANG_WARN_OBJC_LITERAL_CONVERSION = YES;
				CLANG_WARN_OBJC_ROOT_CLASS = YES_ERROR;
				CLANG_WARN_RANGE_LOOP_ANALYSIS = YES;
				CLANG_WARN_STRICT_PROTOTYPES = YES;
				CLANG_WARN_SUSPICIOUS_MOVE = YES;
				CLANG_WARN_UNGUARDED_AVAILABILITY = YES_AGGRESSIVE;
				CLANG_WARN_UNREACHABLE_CODE = YES;
				CLANG_WARN__DUPLICATE_METHOD_MATCH = YES;
				CODE_SIGN_IDENTITY = "iPhone Developer";
				COPY_PHASE_STRIP = NO;
				DEBUG_INFORMATION_FORMAT = dwarf;
				ENABLE_STRICT_OBJC_MSGSEND = YES;
				ENABLE_TESTABILITY = YES;
				GCC_C_LANGUAGE_STANDARD = gnu11;
				GCC_DYNAMIC_NO_PIC = NO;
				GCC_NO_COMMON_BLOCKS = YES;
				GCC_OPTIMIZATION_LEVEL = 0;
				GCC_PREPROCESSOR_DEFINITIONS = (
					"DEBUG=1",
					"$(inherited)",
				);
				GCC_WARN_64_TO_32_BIT_CONVERSION = YES;
				GCC_WARN_ABOUT_RETURN_TYPE = YES_ERROR;
				GCC_WARN_UNDECLARED_SELECTOR = YES;
				GCC_WARN_UNINITIALIZED_AUTOS = YES_AGGRESSIVE;
				GCC_WARN_UNUSED_FUNCTION = YES;
				GCC_WARN_UNUSED_VARIABLE = YES;
				IPHONEOS_DEPLOYMENT_TARGET = 12.0;
				MTL_ENABLE_DEBUG_INFO = INCLUDE_SOURCE;
				MTL_FAST_MATH = YES;
				ONLY_ACTIVE_ARCH = YES;
				SDKROOT = iphoneos;
				SWIFT_ACTIVE_COMPILATION_CONDITIONS = DEBUG;
				SWIFT_OPTIMIZATION_LEVEL = "-Onone";
			};
			name = Debug;
		};
		47123357217A852200A17503 /* Release */ = {
			isa = XCBuildConfiguration;
			buildSettings = {
				ALWAYS_SEARCH_USER_PATHS = NO;
				CLANG_ANALYZER_NONNULL = YES;
				CLANG_ANALYZER_NUMBER_OBJECT_CONVERSION = YES_AGGRESSIVE;
				CLANG_CXX_LANGUAGE_STANDARD = "gnu++14";
				CLANG_CXX_LIBRARY = "libc++";
				CLANG_ENABLE_MODULES = YES;
				CLANG_ENABLE_OBJC_ARC = YES;
				CLANG_ENABLE_OBJC_WEAK = YES;
				CLANG_WARN_BLOCK_CAPTURE_AUTORELEASING = YES;
				CLANG_WARN_BOOL_CONVERSION = YES;
				CLANG_WARN_COMMA = YES;
				CLANG_WARN_CONSTANT_CONVERSION = YES;
				CLANG_WARN_DEPRECATED_OBJC_IMPLEMENTATIONS = YES;
				CLANG_WARN_DIRECT_OBJC_ISA_USAGE = YES_ERROR;
				CLANG_WARN_DOCUMENTATION_COMMENTS = YES;
				CLANG_WARN_EMPTY_BODY = YES;
				CLANG_WARN_ENUM_CONVERSION = YES;
				CLANG_WARN_INFINITE_RECURSION = YES;
				CLANG_WARN_INT_CONVERSION = YES;
				CLANG_WARN_NON_LITERAL_NULL_CONVERSION = YES;
				CLANG_WARN_OBJC_IMPLICIT_RETAIN_SELF = YES;
				CLANG_WARN_OBJC_LITERAL_CONVERSION = YES;
				CLANG_WARN_OBJC_ROOT_CLASS = YES_ERROR;
				CLANG_WARN_RANGE_LOOP_ANALYSIS = YES;
				CLANG_WARN_STRICT_PROTOTYPES = YES;
				CLANG_WARN_SUSPICIOUS_MOVE = YES;
				CLANG_WARN_UNGUARDED_AVAILABILITY = YES_AGGRESSIVE;
				CLANG_WARN_UNREACHABLE_CODE = YES;
				CLANG_WARN__DUPLICATE_METHOD_MATCH = YES;
				CODE_SIGN_IDENTITY = "iPhone Developer";
				COPY_PHASE_STRIP = NO;
				DEBUG_INFORMATION_FORMAT = "dwarf-with-dsym";
				ENABLE_NS_ASSERTIONS = NO;
				ENABLE_STRICT_OBJC_MSGSEND = YES;
				GCC_C_LANGUAGE_STANDARD = gnu11;
				GCC_NO_COMMON_BLOCKS = YES;
				GCC_WARN_64_TO_32_BIT_CONVERSION = YES;
				GCC_WARN_ABOUT_RETURN_TYPE = YES_ERROR;
				GCC_WARN_UNDECLARED_SELECTOR = YES;
				GCC_WARN_UNINITIALIZED_AUTOS = YES_AGGRESSIVE;
				GCC_WARN_UNUSED_FUNCTION = YES;
				GCC_WARN_UNUSED_VARIABLE = YES;
				IPHONEOS_DEPLOYMENT_TARGET = 12.0;
				MTL_ENABLE_DEBUG_INFO = NO;
				MTL_FAST_MATH = YES;
				SDKROOT = iphoneos;
				SWIFT_COMPILATION_MODE = wholemodule;
				SWIFT_OPTIMIZATION_LEVEL = "-O";
				VALIDATE_PRODUCT = YES;
			};
			name = Release;
		};
		47123359217A852200A17503 /* Debug */ = {
			isa = XCBuildConfiguration;
			buildSettings = {
				ASSETCATALOG_COMPILER_APPICON_NAME = AppIcon;
				CODE_SIGN_STYLE = Automatic;
				DEVELOPMENT_TEAM = L7AYJDAX2C;
				INFOPLIST_FILE = "$(SRCROOT)/CountryList_iOS22/Resources/Info.plist";
				LD_RUNPATH_SEARCH_PATHS = (
					"$(inherited)",
					"@executable_path/Frameworks",
				);
				PRODUCT_BUNDLE_IDENTIFIER = "com.ramcomw.i2v.CountryList-iOS22";
				PRODUCT_NAME = "$(TARGET_NAME)";
				SWIFT_VERSION = 4.2;
				TARGETED_DEVICE_FAMILY = "1,2";
			};
			name = Debug;
		};
		4712335A217A852200A17503 /* Release */ = {
			isa = XCBuildConfiguration;
			buildSettings = {
				ASSETCATALOG_COMPILER_APPICON_NAME = AppIcon;
				CODE_SIGN_STYLE = Automatic;
				DEVELOPMENT_TEAM = L7AYJDAX2C;
				INFOPLIST_FILE = "$(SRCROOT)/CountryList_iOS22/Resources/Info.plist";
				LD_RUNPATH_SEARCH_PATHS = (
					"$(inherited)",
					"@executable_path/Frameworks",
				);
				PRODUCT_BUNDLE_IDENTIFIER = "com.ramcomw.i2v.CountryList-iOS22";
				PRODUCT_NAME = "$(TARGET_NAME)";
				SWIFT_VERSION = 4.2;
				TARGETED_DEVICE_FAMILY = "1,2";
			};
			name = Release;
		};
/* End XCBuildConfiguration section */

/* Begin XCConfigurationList section */
		47123341217A852100A17503 /* Build configuration list for PBXProject "CountryList_iOS22" */ = {
			isa = XCConfigurationList;
			buildConfigurations = (
				47123356217A852200A17503 /* Debug */,
				47123357217A852200A17503 /* Release */,
			);
			defaultConfigurationIsVisible = 0;
			defaultConfigurationName = Release;
		};
		47123358217A852200A17503 /* Build configuration list for PBXNativeTarget "CountryList_iOS22" */ = {
			isa = XCConfigurationList;
			buildConfigurations = (
				47123359217A852200A17503 /* Debug */,
				4712335A217A852200A17503 /* Release */,
			);
			defaultConfigurationIsVisible = 0;
			defaultConfigurationName = Release;
		};
/* End XCConfigurationList section */
	};
	rootObject = 4712333E217A852100A17503 /* Project object */;
}
